
Microsoft Visual Studio Solution File, Format Version 12.00
# Visual Studio Version 17
VisualStudioVersion = 17.13.35825.156 d17.13
MinimumVisualStudioVersion = 10.0.40219.1
Project("{FAE04EC0-301F-11D3-BF4B-00C04F79EFBC}") = "TrabajoEnClase", "TrabajoEnClase\TrabajoEnClase.csproj", "{5DE9F9EF-E5A0-402F-9DE0-4D08E013AF82}"
EndProject
Global
	GlobalSection(SolutionConfigurationPlatforms) = preSolution
		Debug|Any CPU = Debug|Any CPU
		Release|Any CPU = Release|Any CPU
	EndGlobalSection
	GlobalSection(ProjectConfigurationPlatforms) = postSolution
		{5DE9F9EF-E5A0-402F-9DE0-4D08E013AF82}.Debug|Any CPU.ActiveCfg = Debug|Any CPU
		{5DE9F9EF-E5A0-402F-9DE0-4D08E013AF82}.Debug|Any CPU.Build.0 = Debug|Any CPU
		{5DE9F9EF-E5A0-402F-9DE0-4D08E013AF82}.Release|Any CPU.ActiveCfg = Release|Any CPU
		{5DE9F9EF-E5A0-402F-9DE0-4D08E013AF82}.Release|Any CPU.Build.0 = Release|Any CPU
	EndGlobalSection
	GlobalSection(SolutionProperties) = preSolution
		HideSolutionNode = FALSE
	EndGlobalSection
	GlobalSection(ExtensibilityGlobals) = postSolution
		SolutionGuid = {C5066796-F8FF-4121-BB70-1EA5DD7719E8}
	EndGlobalSection
EndGlobal
